// !$*UTF8*$!
{
	archiveVersion = 1;
	classes = {
	};
	objectVersion = 50;
	objects = {

/* Begin PBXBuildFile section */
		26017047239250BE00B0CEA1 /* AppDelegate.swift in Sources */ = {isa = PBXBuildFile; fileRef = 26017046239250BE00B0CEA1 /* AppDelegate.swift */; };
		2601704B239250BE00B0CEA1 /* ViewController.swift in Sources */ = {isa = PBXBuildFile; fileRef = 2601704A239250BE00B0CEA1 /* ViewController.swift */; };
		26017050239250C200B0CEA1 /* Assets.xcassets in Resources */ = {isa = PBXBuildFile; fileRef = 2601704F239250C200B0CEA1 /* Assets.xcassets */; };
		26017053239250C200B0CEA1 /* LaunchScreen.storyboard in Resources */ = {isa = PBXBuildFile; fileRef = 26017051239250C200B0CEA1 /* LaunchScreen.storyboard */; };
		2601705B2392573D00B0CEA1 /* Todo.swift in Sources */ = {isa = PBXBuildFile; fileRef = 2601705A2392573D00B0CEA1 /* Todo.swift */; };
		2601705D2392581500B0CEA1 /* User.swift in Sources */ = {isa = PBXBuildFile; fileRef = 2601705C2392581500B0CEA1 /* User.swift */; };
		2601705F23925B8900B0CEA1 /* JsonPlaceholderService.swift in Sources */ = {isa = PBXBuildFile; fileRef = 2601705E23925B8900B0CEA1 /* JsonPlaceholderService.swift */; };
		260170612392609600B0CEA1 /* ServiceError.swift in Sources */ = {isa = PBXBuildFile; fileRef = 260170602392609600B0CEA1 /* ServiceError.swift */; };
		260170632392715000B0CEA1 /* IJsonPlaceHolderService.swift in Sources */ = {isa = PBXBuildFile; fileRef = 260170622392715000B0CEA1 /* IJsonPlaceHolderService.swift */; };
		26FF59BD2392893C00BFBB2A /* SceneDelegate.swift in Sources */ = {isa = PBXBuildFile; fileRef = 26FF59BC2392893C00BFBB2A /* SceneDelegate.swift */; };
		26FF59BF23928E1300BFBB2A /* TabelviewViewModel.swift in Sources */ = {isa = PBXBuildFile; fileRef = 26FF59BE23928E1300BFBB2A /* TabelviewViewModel.swift */; };
/* End PBXBuildFile section */

/* Begin PBXFileReference section */
		26017043239250BE00B0CEA1 /* Saturday1.app */ = {isa = PBXFileReference; explicitFileType = wrapper.application; includeInIndex = 0; path = Saturday1.app; sourceTree = BUILT_PRODUCTS_DIR; };
		26017046239250BE00B0CEA1 /* AppDelegate.swift */ = {isa = PBXFileReference; lastKnownFileType = sourcecode.swift; path = AppDelegate.swift; sourceTree = "<group>"; };
		2601704A239250BE00B0CEA1 /* ViewController.swift */ = {isa = PBXFileReference; lastKnownFileType = sourcecode.swift; path = ViewController.swift; sourceTree = "<group>"; };
		2601704F239250C200B0CEA1 /* Assets.xcassets */ = {isa = PBXFileReference; lastKnownFileType = folder.assetcatalog; path = Assets.xcassets; sourceTree = "<group>"; };
		26017052239250C200B0CEA1 /* Base */ = {isa = PBXFileReference; lastKnownFileType = file.storyboard; name = Base; path = Base.lproj/LaunchScreen.storyboard; sourceTree = "<group>"; };
		26017054239250C200B0CEA1 /* Info.plist */ = {isa = PBXFileReference; lastKnownFileType = text.plist.xml; path = Info.plist; sourceTree = "<group>"; };
		2601705A2392573D00B0CEA1 /* Todo.swift */ = {isa = PBXFileReference; lastKnownFileType = sourcecode.swift; path = Todo.swift; sourceTree = "<group>"; };
		2601705C2392581500B0CEA1 /* User.swift */ = {isa = PBXFileReference; lastKnownFileType = sourcecode.swift; path = User.swift; sourceTree = "<group>"; };
		2601705E23925B8900B0CEA1 /* JsonPlaceholderService.swift */ = {isa = PBXFileReference; lastKnownFileType = sourcecode.swift; path = JsonPlaceholderService.swift; sourceTree = "<group>"; };
		260170602392609600B0CEA1 /* ServiceError.swift */ = {isa = PBXFileReference; lastKnownFileType = sourcecode.swift; path = ServiceError.swift; sourceTree = "<group>"; };
		260170622392715000B0CEA1 /* IJsonPlaceHolderService.swift */ = {isa = PBXFileReference; lastKnownFileType = sourcecode.swift; path = IJsonPlaceHolderService.swift; sourceTree = "<group>"; };
		26FF59BC2392893C00BFBB2A /* SceneDelegate.swift */ = {isa = PBXFileReference; fileEncoding = 4; lastKnownFileType = sourcecode.swift; path = SceneDelegate.swift; sourceTree = "<group>"; };
		26FF59BE23928E1300BFBB2A /* TabelviewViewModel.swift */ = {isa = PBXFileReference; lastKnownFileType = sourcecode.swift; path = TabelviewViewModel.swift; sourceTree = "<group>"; };
/* End PBXFileReference section */

/* Begin PBXFrameworksBuildPhase section */
		26017040239250BE00B0CEA1 /* Frameworks */ = {
			isa = PBXFrameworksBuildPhase;
			buildActionMask = 2147483647;
			files = (
			);
			runOnlyForDeploymentPostprocessing = 0;
		};
/* End PBXFrameworksBuildPhase section */

/* Begin PBXGroup section */
		2601703A239250BE00B0CEA1 = {
			isa = PBXGroup;
			children = (
				26FF59BE23928E1300BFBB2A /* TabelviewViewModel.swift */,
				26017045239250BE00B0CEA1 /* Saturday1 */,
				26017044239250BE00B0CEA1 /* Products */,
			);
			sourceTree = "<group>";
		};
		26017044239250BE00B0CEA1 /* Products */ = {
			isa = PBXGroup;
			children = (
				26017043239250BE00B0CEA1 /* Saturday1.app */,
			);
			name = Products;
			sourceTree = "<group>";
		};
		26017045239250BE00B0CEA1 /* Saturday1 */ = {
			isa = PBXGroup;
			children = (
				26017046239250BE00B0CEA1 /* AppDelegate.swift */,
				2601704A239250BE00B0CEA1 /* ViewController.swift */,
				26FF59BC2392893C00BFBB2A /* SceneDelegate.swift */,
				260170622392715000B0CEA1 /* IJsonPlaceHolderService.swift */,
				260170602392609600B0CEA1 /* ServiceError.swift */,
				2601705E23925B8900B0CEA1 /* JsonPlaceholderService.swift */,
				2601705A2392573D00B0CEA1 /* Todo.swift */,
				2601705C2392581500B0CEA1 /* User.swift */,
				2601704F239250C200B0CEA1 /* Assets.xcassets */,
				26017051239250C200B0CEA1 /* LaunchScreen.storyboard */,
				26017054239250C200B0CEA1 /* Info.plist */,
			);
			path = Saturday1;
			sourceTree = "<group>";
		};
/* End PBXGroup section */

/* Begin PBXNativeTarget section */
		26017042239250BE00B0CEA1 /* Saturday1 */ = {
			isa = PBXNativeTarget;
			buildConfigurationList = 26017057239250C200B0CEA1 /* Build configuration list for PBXNativeTarget "Saturday1" */;
			buildPhases = (
				2601703F239250BE00B0CEA1 /* Sources */,
				26017040239250BE00B0CEA1 /* Frameworks */,
				26017041239250BE00B0CEA1 /* Resources */,
			);
			buildRules = (
			);
			dependencies = (
			);
			name = Saturday1;
			productName = Saturday1;
			productReference = 26017043239250BE00B0CEA1 /* Saturday1.app */;
			productType = "com.apple.product-type.application";
		};
/* End PBXNativeTarget section */

/* Begin PBXProject section */
		2601703B239250BE00B0CEA1 /* Project object */ = {
			isa = PBXProject;
			attributes = {
				LastSwiftUpdateCheck = 1110;
				LastUpgradeCheck = 1110;
				ORGANIZATIONNAME = "Eduard Siniakov";
				TargetAttributes = {
					26017042239250BE00B0CEA1 = {
						CreatedOnToolsVersion = 11.1;
					};
				};
			};
			buildConfigurationList = 2601703E239250BE00B0CEA1 /* Build configuration list for PBXProject "Saturday1" */;
			compatibilityVersion = "Xcode 9.3";
			developmentRegion = en;
			hasScannedForEncodings = 0;
			knownRegions = (
				en,
				Base,
			);
			mainGroup = 2601703A239250BE00B0CEA1;
			productRefGroup = 26017044239250BE00B0CEA1 /* Products */;
			projectDirPath = "";
			projectRoot = "";
			targets = (
				26017042239250BE00B0CEA1 /* Saturday1 */,
			);
		};
/* End PBXProject section */

/* Begin PBXResourcesBuildPhase section */
		26017041239250BE00B0CEA1 /* Resources */ = {
			isa = PBXResourcesBuildPhase;
			buildActionMask = 2147483647;
			files = (
				26017053239250C200B0CEA1 /* LaunchScreen.storyboard in Resources */,
				26017050239250C200B0CEA1 /* Assets.xcassets in Resources */,
			);
			runOnlyForDeploymentPostprocessing = 0;
		};
/* End PBXResourcesBuildPhase section */

/* Begin PBXSourcesBuildPhase section */
		2601703F239250BE00B0CEA1 /* Sources */ = {
			isa = PBXSourcesBuildPhase;
			buildActionMask = 2147483647;
			files = (
				2601705B2392573D00B0CEA1 /* Todo.swift in Sources */,
				26FF59BF23928E1300BFBB2A /* TabelviewViewModel.swift in Sources */,
				2601704B239250BE00B0CEA1 /* ViewController.swift in Sources */,
				26017047239250BE00B0CEA1 /* AppDelegate.swift in Sources */,
				2601705D2392581500B0CEA1 /* User.swift in Sources */,
				2601705F23925B8900B0CEA1 /* JsonPlaceholderService.swift in Sources */,
				260170612392609600B0CEA1 /* ServiceError.swift in Sources */,
				260170632392715000B0CEA1 /* IJsonPlaceHolderService.swift in Sources */,
				26FF59BD2392893C00BFBB2A /* SceneDelegate.swift in Sources */,
			);
			runOnlyForDeploymentPostprocessing = 0;
		};
/* End PBXSourcesBuildPhase section */

/* Begin PBXVariantGroup section */
		26017051239250C200B0CEA1 /* LaunchScreen.storyboard */ = {
			isa = PBXVariantGroup;
			children = (
				26017052239250C200B0CEA1 /* Base */,
			);
			name = LaunchScreen.storyboard;
			sourceTree = "<group>";
		};
/* End PBXVariantGroup section */

/* Begin XCBuildConfiguration section */
		26017055239250C200B0CEA1 /* Debug */ = {
			isa = XCBuildConfiguration;
			buildSettings = {
				ALWAYS_SEARCH_USER_PATHS = NO;
				CLANG_ANALYZER_NONNULL = YES;
				CLANG_ANALYZER_NUMBER_OBJECT_CONVERSION = YES_AGGRESSIVE;
				CLANG_CXX_LANGUAGE_STANDARD = "gnu++14";
				CLANG_CXX_LIBRARY = "libc++";
				CLANG_ENABLE_MODULES = YES;
				CLANG_ENABLE_OBJC_ARC = YES;
				CLANG_ENABLE_OBJC_WEAK = YES;
				CLANG_WARN_BLOCK_CAPTURE_AUTORELEASING = YES;
				CLANG_WARN_BOOL_CONVERSION = YES;
				CLANG_WARN_COMMA = YES;
				CLANG_WARN_CONSTANT_CONVERSION = YES;
				CLANG_WARN_DEPRECATED_OBJC_IMPLEMENTATIONS = YES;
				CLANG_WARN_DIRECT_OBJC_ISA_USAGE = YES_ERROR;
				CLANG_WARN_DOCUMENTATION_COMMENTS = YES;
				CLANG_WARN_EMPTY_BODY = YES;
				CLANG_WARN_ENUM_CONVERSION = YES;
				CLANG_WARN_INFINITE_RECURSION = YES;
				CLANG_WARN_INT_CONVERSION = YES;
				CLANG_WARN_NON_LITERAL_NULL_CONVERSION = YES;
				CLANG_WARN_OBJC_IMPLICIT_RETAIN_SELF = YES;
				CLANG_WARN_OBJC_LITERAL_CONVERSION = YES;
				CLANG_WARN_OBJC_ROOT_CLASS = YES_ERROR;
				CLANG_WARN_RANGE_LOOP_ANALYSIS = YES;
				CLANG_WARN_STRICT_PROTOTYPES = YES;
				CLANG_WARN_SUSPICIOUS_MOVE = YES;
				CLANG_WARN_UNGUARDED_AVAILABILITY = YES_AGGRESSIVE;
				CLANG_WARN_UNREACHABLE_CODE = YES;
				CLANG_WARN__DUPLICATE_METHOD_MATCH = YES;
				COPY_PHASE_STRIP = NO;
				DEBUG_INFORMATION_FORMAT = dwarf;
				ENABLE_STRICT_OBJC_MSGSEND = YES;
				ENABLE_TESTABILITY = YES;
				GCC_C_LANGUAGE_STANDARD = gnu11;
				GCC_DYNAMIC_NO_PIC = NO;
				GCC_NO_COMMON_BLOCKS = YES;
				GCC_OPTIMIZATION_LEVEL = 0;
				GCC_PREPROCESSOR_DEFINITIONS = (
					"DEBUG=1",
					"$(inherited)",
				);
				GCC_WARN_64_TO_32_BIT_CONVERSION = YES;
				GCC_WARN_ABOUT_RETURN_TYPE = YES_ERROR;
				GCC_WARN_UNDECLARED_SELECTOR = YES;
				GCC_WARN_UNINITIALIZED_AUTOS = YES_AGGRESSIVE;
				GCC_WARN_UNUSED_FUNCTION = YES;
				GCC_WARN_UNUSED_VARIABLE = YES;
				IPHONEOS_DEPLOYMENT_TARGET = 13.1;
				MTL_ENABLE_DEBUG_INFO = INCLUDE_SOURCE;
				MTL_FAST_MATH = YES;
				ONLY_ACTIVE_ARCH = YES;
				SDKROOT = iphoneos;
				SWIFT_ACTIVE_COMPILATION_CONDITIONS = DEBUG;
				SWIFT_OPTIMIZATION_LEVEL = "-Onone";
			};
			name = Debug;
		};
		26017056239250C200B0CEA1 /* Release */ = {
			isa = XCBuildConfiguration;
			buildSettings = {
				ALWAYS_SEARCH_USER_PATHS = NO;
				CLANG_ANALYZER_NONNULL = YES;
				CLANG_ANALYZER_NUMBER_OBJECT_CONVERSION = YES_AGGRESSIVE;
				CLANG_CXX_LANGUAGE_STANDARD = "gnu++14";
				CLANG_CXX_LIBRARY = "libc++";
				CLANG_ENABLE_MODULES = YES;
				CLANG_ENABLE_OBJC_ARC = YES;
				CLANG_ENABLE_OBJC_WEAK = YES;
				CLANG_WARN_BLOCK_CAPTURE_AUTORELEASING = YES;
				CLANG_WARN_BOOL_CONVERSION = YES;
				CLANG_WARN_COMMA = YES;
				CLANG_WARN_CONSTANT_CONVERSION = YES;
				CLANG_WARN_DEPRECATED_OBJC_IMPLEMENTATIONS = YES;
				CLANG_WARN_DIRECT_OBJC_ISA_USAGE = YES_ERROR;
				CLANG_WARN_DOCUMENTATION_COMMENTS = YES;
				CLANG_WARN_EMPTY_BODY = YES;
				CLANG_WARN_ENUM_CONVERSION = YES;
				CLANG_WARN_INFINITE_RECURSION = YES;
				CLANG_WARN_INT_CONVERSION = YES;
				CLANG_WARN_NON_LITERAL_NULL_CONVERSION = YES;
				CLANG_WARN_OBJC_IMPLICIT_RETAIN_SELF = YES;
				CLANG_WARN_OBJC_LITERAL_CONVERSION = YES;
				CLANG_WARN_OBJC_ROOT_CLASS = YES_ERROR;
				CLANG_WARN_RANGE_LOOP_ANALYSIS = YES;
				CLANG_WARN_STRICT_PROTOTYPES = YES;
				CLANG_WARN_SUSPICIOUS_MOVE = YES;
				CLANG_WARN_UNGUARDED_AVAILABILITY = YES_AGGRESSIVE;
				CLANG_WARN_UNREACHABLE_CODE = YES;
				CLANG_WARN__DUPLICATE_METHOD_MATCH = YES;
				COPY_PHASE_STRIP = NO;
				DEBUG_INFORMATION_FORMAT = "dwarf-with-dsym";
				ENABLE_NS_ASSERTIONS = NO;
				ENABLE_STRICT_OBJC_MSGSEND = YES;
				GCC_C_LANGUAGE_STANDARD = gnu11;
				GCC_NO_COMMON_BLOCKS = YES;
				GCC_WARN_64_TO_32_BIT_CONVERSION = YES;
				GCC_WARN_ABOUT_RETURN_TYPE = YES_ERROR;
				GCC_WARN_UNDECLARED_SELECTOR = YES;
				GCC_WARN_UNINITIALIZED_AUTOS = YES_AGGRESSIVE;
				GCC_WARN_UNUSED_FUNCTION = YES;
				GCC_WARN_UNUSED_VARIABLE = YES;
				IPHONEOS_DEPLOYMENT_TARGET = 13.1;
				MTL_ENABLE_DEBUG_INFO = NO;
				MTL_FAST_MATH = YES;
				SDKROOT = iphoneos;
				SWIFT_COMPILATION_MODE = wholemodule;
				SWIFT_OPTIMIZATION_LEVEL = "-O";
				VALIDATE_PRODUCT = YES;
			};
			name = Release;
		};
		26017058239250C200B0CEA1 /* Debug */ = {
			isa = XCBuildConfiguration;
			buildSettings = {
				ASSETCATALOG_COMPILER_APPICON_NAME = AppIcon;
				CODE_SIGN_STYLE = Automatic;
				INFOPLIST_FILE = Saturday1/Info.plist;
				LD_RUNPATH_SEARCH_PATHS = (
					"$(inherited)",
					"@executable_path/Frameworks",
				);
				PRODUCT_BUNDLE_IDENTIFIER = "Eduard-Siniakov.Saturday1";
				PRODUCT_NAME = "$(TARGET_NAME)";
				SWIFT_VERSION = 5.0;
				TARGETED_DEVICE_FAMILY = 1;
			};
			name = Debug;
		};
		26017059239250C200B0CEA1 /* Release */ = {
			isa = XCBuildConfiguration;
			buildSettings = {
				ASSETCATALOG_COMPILER_APPICON_NAME = AppIcon;
				CODE_SIGN_STYLE = Automatic;
				INFOPLIST_FILE = Saturday1/Info.plist;
				LD_RUNPATH_SEARCH_PATHS = (
					"$(inherited)",
					"@executable_path/Frameworks",
				);
				PRODUCT_BUNDLE_IDENTIFIER = "Eduard-Siniakov.Saturday1";
				PRODUCT_NAME = "$(TARGET_NAME)";
				SWIFT_VERSION = 5.0;
				TARGETED_DEVICE_FAMILY = 1;
			};
			name = Release;
		};
/* End XCBuildConfiguration section */

/* Begin XCConfigurationList section */
		2601703E239250BE00B0CEA1 /* Build configuration list for PBXProject "Saturday1" */ = {
			isa = XCConfigurationList;
			buildConfigurations = (
				26017055239250C200B0CEA1 /* Debug */,
				26017056239250C200B0CEA1 /* Release */,
			);
			defaultConfigurationIsVisible = 0;
			defaultConfigurationName = Release;
		};
		26017057239250C200B0CEA1 /* Build configuration list for PBXNativeTarget "Saturday1" */ = {
			isa = XCConfigurationList;
			buildConfigurations = (
				26017058239250C200B0CEA1 /* Debug */,
				26017059239250C200B0CEA1 /* Release */,
			);
			defaultConfigurationIsVisible = 0;
			defaultConfigurationName = Release;
		};
/* End XCConfigurationList section */
	};
	rootObject = 2601703B239250BE00B0CEA1 /* Project object */;
}
